// !$*UTF8*$!
{
	archiveVersion = 1;
	classes = {
	};
	objectVersion = 46;
	objects = {

/* Begin PBXBuildFile section */
		914ECB1C1DBA637800639D80 /* Business.swift in Sources */ = {isa = PBXBuildFile; fileRef = 914ECB1B1DBA637800639D80 /* Business.swift */; };
		914ECB1E1DBA63F600639D80 /* YelpClient.swift in Sources */ = {isa = PBXBuildFile; fileRef = 914ECB1D1DBA63F600639D80 /* YelpClient.swift */; };
		918A36221DBAA83A007A2162 /* SwitchCell.swift in Sources */ = {isa = PBXBuildFile; fileRef = 918A36211DBAA83A007A2162 /* SwitchCell.swift */; };
		918A36241DBAA8ED007A2162 /* FiltersViewController.swift in Sources */ = {isa = PBXBuildFile; fileRef = 918A36231DBAA8ED007A2162 /* FiltersViewController.swift */; };
		91B6AA751DB73A9C00B23138 /* AppDelegate.swift in Sources */ = {isa = PBXBuildFile; fileRef = 91B6AA741DB73A9C00B23138 /* AppDelegate.swift */; };
		91B6AA7A1DB73A9C00B23138 /* Main.storyboard in Resources */ = {isa = PBXBuildFile; fileRef = 91B6AA781DB73A9C00B23138 /* Main.storyboard */; };
		91B6AA7C1DB73A9C00B23138 /* Assets.xcassets in Resources */ = {isa = PBXBuildFile; fileRef = 91B6AA7B1DB73A9C00B23138 /* Assets.xcassets */; };
		91B6AA7F1DB73A9C00B23138 /* LaunchScreen.storyboard in Resources */ = {isa = PBXBuildFile; fileRef = 91B6AA7D1DB73A9C00B23138 /* LaunchScreen.storyboard */; };
		91B6AA911DB7469800B23138 /* BusinessViewController.swift in Sources */ = {isa = PBXBuildFile; fileRef = 91B6AA901DB7469800B23138 /* BusinessViewController.swift */; };
		91B6AA961DB7478700B23138 /* BusinessCell.swift in Sources */ = {isa = PBXBuildFile; fileRef = 91B6AA951DB7478700B23138 /* BusinessCell.swift */; };
		91E921571DBDC091001C364E /* FilterCell.swift in Sources */ = {isa = PBXBuildFile; fileRef = 91E921561DBDC091001C364E /* FilterCell.swift */; };
		EE5270BB3D0FED57B80FE0FD /* Pods_YelpClient.framework in Frameworks */ = {isa = PBXBuildFile; fileRef = DEAC8219AB7FF9DF2ED99676 /* Pods_YelpClient.framework */; };
/* End PBXBuildFile section */

/* Begin PBXFileReference section */
		68895994FC5B2F7F83130FB0 /* Pods-YelpClient.release.xcconfig */ = {isa = PBXFileReference; includeInIndex = 1; lastKnownFileType = text.xcconfig; name = "Pods-YelpClient.release.xcconfig"; path = "Pods/Target Support Files/Pods-YelpClient/Pods-YelpClient.release.xcconfig"; sourceTree = "<group>"; };
		914ECB1B1DBA637800639D80 /* Business.swift */ = {isa = PBXFileReference; fileEncoding = 4; lastKnownFileType = sourcecode.swift; path = Business.swift; sourceTree = "<group>"; };
		914ECB1D1DBA63F600639D80 /* YelpClient.swift */ = {isa = PBXFileReference; fileEncoding = 4; lastKnownFileType = sourcecode.swift; path = YelpClient.swift; sourceTree = "<group>"; };
		918A36211DBAA83A007A2162 /* SwitchCell.swift */ = {isa = PBXFileReference; fileEncoding = 4; lastKnownFileType = sourcecode.swift; path = SwitchCell.swift; sourceTree = "<group>"; };
		918A36231DBAA8ED007A2162 /* FiltersViewController.swift */ = {isa = PBXFileReference; fileEncoding = 4; lastKnownFileType = sourcecode.swift; path = FiltersViewController.swift; sourceTree = "<group>"; };
		91B6AA711DB73A9C00B23138 /* YelpClient.app */ = {isa = PBXFileReference; explicitFileType = wrapper.application; includeInIndex = 0; path = YelpClient.app; sourceTree = BUILT_PRODUCTS_DIR; };
		91B6AA741DB73A9C00B23138 /* AppDelegate.swift */ = {isa = PBXFileReference; lastKnownFileType = sourcecode.swift; path = AppDelegate.swift; sourceTree = "<group>"; };
		91B6AA791DB73A9C00B23138 /* Base */ = {isa = PBXFileReference; lastKnownFileType = file.storyboard; name = Base; path = Base.lproj/Main.storyboard; sourceTree = "<group>"; };
		91B6AA7B1DB73A9C00B23138 /* Assets.xcassets */ = {isa = PBXFileReference; lastKnownFileType = folder.assetcatalog; path = Assets.xcassets; sourceTree = "<group>"; };
		91B6AA7E1DB73A9C00B23138 /* Base */ = {isa = PBXFileReference; lastKnownFileType = file.storyboard; name = Base; path = Base.lproj/LaunchScreen.storyboard; sourceTree = "<group>"; };
		91B6AA801DB73A9C00B23138 /* Info.plist */ = {isa = PBXFileReference; lastKnownFileType = text.plist.xml; path = Info.plist; sourceTree = "<group>"; };
		91B6AA901DB7469800B23138 /* BusinessViewController.swift */ = {isa = PBXFileReference; fileEncoding = 4; lastKnownFileType = sourcecode.swift; path = BusinessViewController.swift; sourceTree = "<group>"; };
		91B6AA951DB7478700B23138 /* BusinessCell.swift */ = {isa = PBXFileReference; fileEncoding = 4; lastKnownFileType = sourcecode.swift; path = BusinessCell.swift; sourceTree = "<group>"; };
		91E921561DBDC091001C364E /* FilterCell.swift */ = {isa = PBXFileReference; fileEncoding = 4; lastKnownFileType = sourcecode.swift; path = FilterCell.swift; sourceTree = "<group>"; };
		CEFD17BF3D193E64185025B1 /* Pods-YelpClient.debug.xcconfig */ = {isa = PBXFileReference; includeInIndex = 1; lastKnownFileType = text.xcconfig; name = "Pods-YelpClient.debug.xcconfig"; path = "Pods/Target Support Files/Pods-YelpClient/Pods-YelpClient.debug.xcconfig"; sourceTree = "<group>"; };
		DEAC8219AB7FF9DF2ED99676 /* Pods_YelpClient.framework */ = {isa = PBXFileReference; explicitFileType = wrapper.framework; includeInIndex = 0; path = Pods_YelpClient.framework; sourceTree = BUILT_PRODUCTS_DIR; };
/* End PBXFileReference section */

/* Begin PBXFrameworksBuildPhase section */
		91B6AA6E1DB73A9C00B23138 /* Frameworks */ = {
			isa = PBXFrameworksBuildPhase;
			buildActionMask = 2147483647;
			files = (
				EE5270BB3D0FED57B80FE0FD /* Pods_YelpClient.framework in Frameworks */,
			);
			runOnlyForDeploymentPostprocessing = 0;
		};
/* End PBXFrameworksBuildPhase section */

/* Begin PBXGroup section */
		6DE6A08E35A091137C77DEC4 /* Frameworks */ = {
			isa = PBXGroup;
			children = (
				DEAC8219AB7FF9DF2ED99676 /* Pods_YelpClient.framework */,
			);
			name = Frameworks;
			sourceTree = "<group>";
		};
		91B6AA681DB73A9C00B23138 = {
			isa = PBXGroup;
			children = (
				91B6AA731DB73A9C00B23138 /* YelpClient */,
				91B6AA721DB73A9C00B23138 /* Products */,
				9699C1ED4BE356EC2D5D36F8 /* Pods */,
				6DE6A08E35A091137C77DEC4 /* Frameworks */,
			);
			sourceTree = "<group>";
		};
		91B6AA721DB73A9C00B23138 /* Products */ = {
			isa = PBXGroup;
			children = (
				91B6AA711DB73A9C00B23138 /* YelpClient.app */,
			);
			name = Products;
			sourceTree = "<group>";
		};
		91B6AA731DB73A9C00B23138 /* YelpClient */ = {
			isa = PBXGroup;
			children = (
				91B6AA941DB746A500B23138 /* ViewControllers */,
				91B6AA931DB746A100B23138 /* Views */,
				91B6AA921DB7469D00B23138 /* Models */,
				91B6AA741DB73A9C00B23138 /* AppDelegate.swift */,
				91B6AA781DB73A9C00B23138 /* Main.storyboard */,
				91B6AA7B1DB73A9C00B23138 /* Assets.xcassets */,
				91B6AA7D1DB73A9C00B23138 /* LaunchScreen.storyboard */,
				91B6AA801DB73A9C00B23138 /* Info.plist */,
			);
			path = YelpClient;
			sourceTree = "<group>";
		};
		91B6AA921DB7469D00B23138 /* Models */ = {
			isa = PBXGroup;
			children = (
				914ECB1B1DBA637800639D80 /* Business.swift */,
				914ECB1D1DBA63F600639D80 /* YelpClient.swift */,
			);
			name = Models;
			sourceTree = "<group>";
		};
		91B6AA931DB746A100B23138 /* Views */ = {
			isa = PBXGroup;
			children = (
				91B6AA951DB7478700B23138 /* BusinessCell.swift */,
				918A36211DBAA83A007A2162 /* SwitchCell.swift */,
				91E921561DBDC091001C364E /* FilterCell.swift */,
			);
			name = Views;
			sourceTree = "<group>";
		};
		91B6AA941DB746A500B23138 /* ViewControllers */ = {
			isa = PBXGroup;
			children = (
				91B6AA901DB7469800B23138 /* BusinessViewController.swift */,
				918A36231DBAA8ED007A2162 /* FiltersViewController.swift */,
			);
			name = ViewControllers;
			sourceTree = "<group>";
		};
		9699C1ED4BE356EC2D5D36F8 /* Pods */ = {
			isa = PBXGroup;
			children = (
				CEFD17BF3D193E64185025B1 /* Pods-YelpClient.debug.xcconfig */,
				68895994FC5B2F7F83130FB0 /* Pods-YelpClient.release.xcconfig */,
			);
			name = Pods;
			sourceTree = "<group>";
		};
/* End PBXGroup section */

/* Begin PBXNativeTarget section */
		91B6AA701DB73A9C00B23138 /* YelpClient */ = {
			isa = PBXNativeTarget;
			buildConfigurationList = 91B6AA831DB73A9C00B23138 /* Build configuration list for PBXNativeTarget "YelpClient" */;
			buildPhases = (
				D62CF81C71D7959A31A39E27 /* [CP] Check Pods Manifest.lock */,
				91B6AA6D1DB73A9C00B23138 /* Sources */,
				91B6AA6E1DB73A9C00B23138 /* Frameworks */,
				91B6AA6F1DB73A9C00B23138 /* Resources */,
				026505F6C90430C7CE393FDB /* [CP] Embed Pods Frameworks */,
				5E2686BE82D3FB474474902A /* [CP] Copy Pods Resources */,
			);
			buildRules = (
			);
			dependencies = (
			);
			name = YelpClient;
			productName = YelpClient;
			productReference = 91B6AA711DB73A9C00B23138 /* YelpClient.app */;
			productType = "com.apple.product-type.application";
		};
/* End PBXNativeTarget section */

/* Begin PBXProject section */
		91B6AA691DB73A9C00B23138 /* Project object */ = {
			isa = PBXProject;
			attributes = {
				LastSwiftUpdateCheck = 0800;
				LastUpgradeCheck = 0800;
				ORGANIZATIONNAME = "Byron J. Williams";
				TargetAttributes = {
					91B6AA701DB73A9C00B23138 = {
						CreatedOnToolsVersion = 8.0;
						DevelopmentTeam = HU42WP667T;
						ProvisioningStyle = Automatic;
					};
				};
			};
			buildConfigurationList = 91B6AA6C1DB73A9C00B23138 /* Build configuration list for PBXProject "YelpClient" */;
			compatibilityVersion = "Xcode 3.2";
			developmentRegion = English;
			hasScannedForEncodings = 0;
			knownRegions = (
				en,
				Base,
			);
			mainGroup = 91B6AA681DB73A9C00B23138;
			productRefGroup = 91B6AA721DB73A9C00B23138 /* Products */;
			projectDirPath = "";
			projectRoot = "";
			targets = (
				91B6AA701DB73A9C00B23138 /* YelpClient */,
			);
		};
/* End PBXProject section */

/* Begin PBXResourcesBuildPhase section */
		91B6AA6F1DB73A9C00B23138 /* Resources */ = {
			isa = PBXResourcesBuildPhase;
			buildActionMask = 2147483647;
			files = (
				91B6AA7F1DB73A9C00B23138 /* LaunchScreen.storyboard in Resources */,
				91B6AA7C1DB73A9C00B23138 /* Assets.xcassets in Resources */,
				91B6AA7A1DB73A9C00B23138 /* Main.storyboard in Resources */,
			);
			runOnlyForDeploymentPostprocessing = 0;
		};
/* End PBXResourcesBuildPhase section */

/* Begin PBXShellScriptBuildPhase section */
		026505F6C90430C7CE393FDB /* [CP] Embed Pods Frameworks */ = {
			isa = PBXShellScriptBuildPhase;
			buildActionMask = 2147483647;
			files = (
			);
			inputPaths = (
			);
			name = "[CP] Embed Pods Frameworks";
			outputPaths = (
			);
			runOnlyForDeploymentPostprocessing = 0;
			shellPath = /bin/sh;
			shellScript = "\"${SRCROOT}/Pods/Target Support Files/Pods-YelpClient/Pods-YelpClient-frameworks.sh\"\n";
			showEnvVarsInLog = 0;
		};
		5E2686BE82D3FB474474902A /* [CP] Copy Pods Resources */ = {
			isa = PBXShellScriptBuildPhase;
			buildActionMask = 2147483647;
			files = (
			);
			inputPaths = (
			);
			name = "[CP] Copy Pods Resources";
			outputPaths = (
			);
			runOnlyForDeploymentPostprocessing = 0;
			shellPath = /bin/sh;
			shellScript = "\"${SRCROOT}/Pods/Target Support Files/Pods-YelpClient/Pods-YelpClient-resources.sh\"\n";
			showEnvVarsInLog = 0;
		};
		D62CF81C71D7959A31A39E27 /* [CP] Check Pods Manifest.lock */ = {
			isa = PBXShellScriptBuildPhase;
			buildActionMask = 2147483647;
			files = (
			);
			inputPaths = (
			);
			name = "[CP] Check Pods Manifest.lock";
			outputPaths = (
			);
			runOnlyForDeploymentPostprocessing = 0;
			shellPath = /bin/sh;
			shellScript = "diff \"${PODS_ROOT}/../Podfile.lock\" \"${PODS_ROOT}/Manifest.lock\" > /dev/null\nif [ $? != 0 ] ; then\n    # print error to STDERR\n    echo \"error: The sandbox is not in sync with the Podfile.lock. Run 'pod install' or update your CocoaPods installation.\" >&2\n    exit 1\nfi\n";
			showEnvVarsInLog = 0;
		};
/* End PBXShellScriptBuildPhase section */

/* Begin PBXSourcesBuildPhase section */
		91B6AA6D1DB73A9C00B23138 /* Sources */ = {
			isa = PBXSourcesBuildPhase;
			buildActionMask = 2147483647;
			files = (
				914ECB1E1DBA63F600639D80 /* YelpClient.swift in Sources */,
				91B6AA911DB7469800B23138 /* BusinessViewController.swift in Sources */,
				918A36241DBAA8ED007A2162 /* FiltersViewController.swift in Sources */,
				914ECB1C1DBA637800639D80 /* Business.swift in Sources */,
				91B6AA961DB7478700B23138 /* BusinessCell.swift in Sources */,
				91B6AA751DB73A9C00B23138 /* AppDelegate.swift in Sources */,
				91E921571DBDC091001C364E /* FilterCell.swift in Sources */,
				918A36221DBAA83A007A2162 /* SwitchCell.swift in Sources */,
			);
			runOnlyForDeploymentPostprocessing = 0;
		};
/* End PBXSourcesBuildPhase section */

/* Begin PBXVariantGroup section */
		91B6AA781DB73A9C00B23138 /* Main.storyboard */ = {
			isa = PBXVariantGroup;
			children = (
				91B6AA791DB73A9C00B23138 /* Base */,
			);
			name = Main.storyboard;
			sourceTree = "<group>";
		};
		91B6AA7D1DB73A9C00B23138 /* LaunchScreen.storyboard */ = {
			isa = PBXVariantGroup;
			children = (
				91B6AA7E1DB73A9C00B23138 /* Base */,
			);
			name = LaunchScreen.storyboard;
			sourceTree = "<group>";
		};
/* End PBXVariantGroup section */

/* Begin XCBuildConfiguration section */
		91B6AA811DB73A9C00B23138 /* Debug */ = {
			isa = XCBuildConfiguration;
			buildSettings = {
				ALWAYS_SEARCH_USER_PATHS = NO;
				CLANG_ANALYZER_NONNULL = YES;
				CLANG_CXX_LANGUAGE_STANDARD = "gnu++0x";
				CLANG_CXX_LIBRARY = "libc++";
				CLANG_ENABLE_MODULES = YES;
				CLANG_ENABLE_OBJC_ARC = YES;
				CLANG_WARN_BOOL_CONVERSION = YES;
				CLANG_WARN_CONSTANT_CONVERSION = YES;
				CLANG_WARN_DIRECT_OBJC_ISA_USAGE = YES_ERROR;
				CLANG_WARN_DOCUMENTATION_COMMENTS = YES;
				CLANG_WARN_EMPTY_BODY = YES;
				CLANG_WARN_ENUM_CONVERSION = YES;
				CLANG_WARN_INFINITE_RECURSION = YES;
				CLANG_WARN_INT_CONVERSION = YES;
				CLANG_WARN_OBJC_ROOT_CLASS = YES_ERROR;
				CLANG_WARN_SUSPICIOUS_MOVE = YES;
				CLANG_WARN_SUSPICIOUS_MOVES = YES;
				CLANG_WARN_UNREACHABLE_CODE = YES;
				CLANG_WARN__DUPLICATE_METHOD_MATCH = YES;
				"CODE_SIGN_IDENTITY[sdk=iphoneos*]" = "iPhone Developer";
				COPY_PHASE_STRIP = NO;
				DEBUG_INFORMATION_FORMAT = dwarf;
				ENABLE_STRICT_OBJC_MSGSEND = YES;
				ENABLE_TESTABILITY = YES;
				GCC_C_LANGUAGE_STANDARD = gnu99;
				GCC_DYNAMIC_NO_PIC = NO;
				GCC_NO_COMMON_BLOCKS = YES;
				GCC_OPTIMIZATION_LEVEL = 0;
				GCC_PREPROCESSOR_DEFINITIONS = (
					"DEBUG=1",
					"$(inherited)",
				);
				GCC_WARN_64_TO_32_BIT_CONVERSION = YES;
				GCC_WARN_ABOUT_RETURN_TYPE = YES_ERROR;
				GCC_WARN_UNDECLARED_SELECTOR = YES;
				GCC_WARN_UNINITIALIZED_AUTOS = YES_AGGRESSIVE;
				GCC_WARN_UNUSED_FUNCTION = YES;
				GCC_WARN_UNUSED_VARIABLE = YES;
				IPHONEOS_DEPLOYMENT_TARGET = 10.0;
				MTL_ENABLE_DEBUG_INFO = YES;
				ONLY_ACTIVE_ARCH = YES;
				SDKROOT = iphoneos;
				SWIFT_ACTIVE_COMPILATION_CONDITIONS = DEBUG;
				SWIFT_OPTIMIZATION_LEVEL = "-Onone";
			};
			name = Debug;
		};
		91B6AA821DB73A9C00B23138 /* Release */ = {
			isa = XCBuildConfiguration;
			buildSettings = {
				ALWAYS_SEARCH_USER_PATHS = NO;
				CLANG_ANALYZER_NONNULL = YES;
				CLANG_CXX_LANGUAGE_STANDARD = "gnu++0x";
				CLANG_CXX_LIBRARY = "libc++";
				CLANG_ENABLE_MODULES = YES;
				CLANG_ENABLE_OBJC_ARC = YES;
				CLANG_WARN_BOOL_CONVERSION = YES;
				CLANG_WARN_CONSTANT_CONVERSION = YES;
				CLANG_WARN_DIRECT_OBJC_ISA_USAGE = YES_ERROR;
				CLANG_WARN_DOCUMENTATION_COMMENTS = YES;
				CLANG_WARN_EMPTY_BODY = YES;
				CLANG_WARN_ENUM_CONVERSION = YES;
				CLANG_WARN_INFINITE_RECURSION = YES;
				CLANG_WARN_INT_CONVERSION = YES;
				CLANG_WARN_OBJC_ROOT_CLASS = YES_ERROR;
				CLANG_WARN_SUSPICIOUS_MOVE = YES;
				CLANG_WARN_SUSPICIOUS_MOVES = YES;
				CLANG_WARN_UNREACHABLE_CODE = YES;
				CLANG_WARN__DUPLICATE_METHOD_MATCH = YES;
				"CODE_SIGN_IDENTITY[sdk=iphoneos*]" = "iPhone Developer";
				COPY_PHASE_STRIP = NO;
				DEBUG_INFORMATION_FORMAT = "dwarf-with-dsym";
				ENABLE_NS_ASSERTIONS = NO;
				ENABLE_STRICT_OBJC_MSGSEND = YES;
				GCC_C_LANGUAGE_STANDARD = gnu99;
				GCC_NO_COMMON_BLOCKS = YES;
				GCC_WARN_64_TO_32_BIT_CONVERSION = YES;
				GCC_WARN_ABOUT_RETURN_TYPE = YES_ERROR;
				GCC_WARN_UNDECLARED_SELECTOR = YES;
				GCC_WARN_UNINITIALIZED_AUTOS = YES_AGGRESSIVE;
				GCC_WARN_UNUSED_FUNCTION = YES;
				GCC_WARN_UNUSED_VARIABLE = YES;
				IPHONEOS_DEPLOYMENT_TARGET = 10.0;
				MTL_ENABLE_DEBUG_INFO = NO;
				SDKROOT = iphoneos;
				SWIFT_OPTIMIZATION_LEVEL = "-Owholemodule";
				VALIDATE_PRODUCT = YES;
			};
			name = Release;
		};
		91B6AA841DB73A9C00B23138 /* Debug */ = {
			isa = XCBuildConfiguration;
			baseConfigurationReference = CEFD17BF3D193E64185025B1 /* Pods-YelpClient.debug.xcconfig */;
			buildSettings = {
				ASSETCATALOG_COMPILER_APPICON_NAME = AppIcon;
				DEVELOPMENT_TEAM = HU42WP667T;
				INFOPLIST_FILE = YelpClient/Info.plist;
				LD_RUNPATH_SEARCH_PATHS = "$(inherited) @executable_path/Frameworks";
				PRODUCT_BUNDLE_IDENTIFIER = drbyronw.YelpClient;
				PRODUCT_NAME = "$(TARGET_NAME)";
				SWIFT_VERSION = 3.0;
			};
			name = Debug;
		};
		91B6AA851DB73A9C00B23138 /* Release */ = {
			isa = XCBuildConfiguration;
			baseConfigurationReference = 68895994FC5B2F7F83130FB0 /* Pods-YelpClient.release.xcconfig */;
			buildSettings = {
				ASSETCATALOG_COMPILER_APPICON_NAME = AppIcon;
				DEVELOPMENT_TEAM = HU42WP667T;
				INFOPLIST_FILE = YelpClient/Info.plist;
				LD_RUNPATH_SEARCH_PATHS = "$(inherited) @executable_path/Frameworks";
				PRODUCT_BUNDLE_IDENTIFIER = drbyronw.YelpClient;
				PRODUCT_NAME = "$(TARGET_NAME)";
				SWIFT_VERSION = 3.0;
			};
			name = Release;
		};
/* End XCBuildConfiguration section */

/* Begin XCConfigurationList section */
		91B6AA6C1DB73A9C00B23138 /* Build configuration list for PBXProject "YelpClient" */ = {
			isa = XCConfigurationList;
			buildConfigurations = (
				91B6AA811DB73A9C00B23138 /* Debug */,
				91B6AA821DB73A9C00B23138 /* Release */,
			);
			defaultConfigurationIsVisible = 0;
			defaultConfigurationName = Release;
		};
		91B6AA831DB73A9C00B23138 /* Build configuration list for PBXNativeTarget "YelpClient" */ = {
			isa = XCConfigurationList;
			buildConfigurations = (
				91B6AA841DB73A9C00B23138 /* Debug */,
				91B6AA851DB73A9C00B23138 /* Release */,
			);
			defaultConfigurationIsVisible = 0;
			defaultConfigurationName = Release;
		};
/* End XCConfigurationList section */
	};
	rootObject = 91B6AA691DB73A9C00B23138 /* Project object */;
}
