// !$*UTF8*$!
{
	archiveVersion = 1;
	classes = {
	};
	objectVersion = 46;
	objects = {

/* Begin PBXBuildFile section */
		91B6AA751DB73A9C00B23138 /* AppDelegate.swift in Sources */ = {isa = PBXBuildFile; fileRef = 91B6AA741DB73A9C00B23138 /* AppDelegate.swift */; };
		91B6AA771DB73A9C00B23138 /* ViewController.swift in Sources */ = {isa = PBXBuildFile; fileRef = 91B6AA761DB73A9C00B23138 /* ViewController.swift */; };
		91B6AA7A1DB73A9C00B23138 /* Main.storyboard in Resources */ = {isa = PBXBuildFile; fileRef = 91B6AA781DB73A9C00B23138 /* Main.storyboard */; };
		91B6AA7C1DB73A9C00B23138 /* Assets.xcassets in Resources */ = {isa = PBXBuildFile; fileRef = 91B6AA7B1DB73A9C00B23138 /* Assets.xcassets */; };
		91B6AA7F1DB73A9C00B23138 /* LaunchScreen.storyboard in Resources */ = {isa = PBXBuildFile; fileRef = 91B6AA7D1DB73A9C00B23138 /* LaunchScreen.storyboard */; };
/* End PBXBuildFile section */

/* Begin PBXFileReference section */
		91B6AA711DB73A9C00B23138 /* YelpClient.app */ = {isa = PBXFileReference; explicitFileType = wrapper.application; includeInIndex = 0; path = YelpClient.app; sourceTree = BUILT_PRODUCTS_DIR; };
		91B6AA741DB73A9C00B23138 /* AppDelegate.swift */ = {isa = PBXFileReference; lastKnownFileType = sourcecode.swift; path = AppDelegate.swift; sourceTree = "<group>"; };
		91B6AA761DB73A9C00B23138 /* ViewController.swift */ = {isa = PBXFileReference; lastKnownFileType = sourcecode.swift; path = ViewController.swift; sourceTree = "<group>"; };
		91B6AA791DB73A9C00B23138 /* Base */ = {isa = PBXFileReference; lastKnownFileType = file.storyboard; name = Base; path = Base.lproj/Main.storyboard; sourceTree = "<group>"; };
		91B6AA7B1DB73A9C00B23138 /* Assets.xcassets */ = {isa = PBXFileReference; lastKnownFileType = folder.assetcatalog; path = Assets.xcassets; sourceTree = "<group>"; };
		91B6AA7E1DB73A9C00B23138 /* Base */ = {isa = PBXFileReference; lastKnownFileType = file.storyboard; name = Base; path = Base.lproj/LaunchScreen.storyboard; sourceTree = "<group>"; };
		91B6AA801DB73A9C00B23138 /* Info.plist */ = {isa = PBXFileReference; lastKnownFileType = text.plist.xml; path = Info.plist; sourceTree = "<group>"; };
/* End PBXFileReference section */

/* Begin PBXFrameworksBuildPhase section */
		91B6AA6E1DB73A9C00B23138 /* Frameworks */ = {
			isa = PBXFrameworksBuildPhase;
			buildActionMask = 2147483647;
			files = (
			);
			runOnlyForDeploymentPostprocessing = 0;
		};
/* End PBXFrameworksBuildPhase section */

/* Begin PBXGroup section */
		91B6AA681DB73A9C00B23138 = {
			isa = PBXGroup;
			children = (
				91B6AA731DB73A9C00B23138 /* YelpClient */,
				91B6AA721DB73A9C00B23138 /* Products */,
			);
			sourceTree = "<group>";
		};
		91B6AA721DB73A9C00B23138 /* Products */ = {
			isa = PBXGroup;
			children = (
				91B6AA711DB73A9C00B23138 /* YelpClient.app */,
			);
			name = Products;
			sourceTree = "<group>";
		};
		91B6AA731DB73A9C00B23138 /* YelpClient */ = {
			isa = PBXGroup;
			children = (
				91B6AA741DB73A9C00B23138 /* AppDelegate.swift */,
				91B6AA761DB73A9C00B23138 /* ViewController.swift */,
				91B6AA781DB73A9C00B23138 /* Main.storyboard */,
				91B6AA7B1DB73A9C00B23138 /* Assets.xcassets */,
				91B6AA7D1DB73A9C00B23138 /* LaunchScreen.storyboard */,
				91B6AA801DB73A9C00B23138 /* Info.plist */,
			);
			path = YelpClient;
			sourceTree = "<group>";
		};
/* End PBXGroup section */

/* Begin PBXNativeTarget section */
		91B6AA701DB73A9C00B23138 /* YelpClient */ = {
			isa = PBXNativeTarget;
			buildConfigurationList = 91B6AA831DB73A9C00B23138 /* Build configuration list for PBXNativeTarget "YelpClient" */;
			buildPhases = (
				91B6AA6D1DB73A9C00B23138 /* Sources */,
				91B6AA6E1DB73A9C00B23138 /* Frameworks */,
				91B6AA6F1DB73A9C00B23138 /* Resources */,
			);
			buildRules = (
			);
			dependencies = (
			);
			name = YelpClient;
			productName = YelpClient;
			productReference = 91B6AA711DB73A9C00B23138 /* YelpClient.app */;
			productType = "com.apple.product-type.application";
		};
/* End PBXNativeTarget section */

/* Begin PBXProject section */
		91B6AA691DB73A9C00B23138 /* Project object */ = {
			isa = PBXProject;
			attributes = {
				LastSwiftUpdateCheck = 0800;
				LastUpgradeCheck = 0800;
				ORGANIZATIONNAME = "Byron J. Williams";
				TargetAttributes = {
					91B6AA701DB73A9C00B23138 = {
						CreatedOnToolsVersion = 8.0;
						DevelopmentTeam = HU42WP667T;
						ProvisioningStyle = Automatic;
					};
				};
			};
			buildConfigurationList = 91B6AA6C1DB73A9C00B23138 /* Build configuration list for PBXProject "YelpClient" */;
			compatibilityVersion = "Xcode 3.2";
			developmentRegion = English;
			hasScannedForEncodings = 0;
			knownRegions = (
				en,
				Base,
			);
			mainGroup = 91B6AA681DB73A9C00B23138;
			productRefGroup = 91B6AA721DB73A9C00B23138 /* Products */;
			projectDirPath = "";
			projectRoot = "";
			targets = (
				91B6AA701DB73A9C00B23138 /* YelpClient */,
			);
		};
/* End PBXProject section */

/* Begin PBXResourcesBuildPhase section */
		91B6AA6F1DB73A9C00B23138 /* Resources */ = {
			isa = PBXResourcesBuildPhase;
			buildActionMask = 2147483647;
			files = (
				91B6AA7F1DB73A9C00B23138 /* LaunchScreen.storyboard in Resources */,
				91B6AA7C1DB73A9C00B23138 /* Assets.xcassets in Resources */,
				91B6AA7A1DB73A9C00B23138 /* Main.storyboard in Resources */,
			);
			runOnlyForDeploymentPostprocessing = 0;
		};
/* End PBXResourcesBuildPhase section */

/* Begin PBXSourcesBuildPhase section */
		91B6AA6D1DB73A9C00B23138 /* Sources */ = {
			isa = PBXSourcesBuildPhase;
			buildActionMask = 2147483647;
			files = (
				91B6AA771DB73A9C00B23138 /* ViewController.swift in Sources */,
				91B6AA751DB73A9C00B23138 /* AppDelegate.swift in Sources */,
			);
			runOnlyForDeploymentPostprocessing = 0;
		};
/* End PBXSourcesBuildPhase section */

/* Begin PBXVariantGroup section */
		91B6AA781DB73A9C00B23138 /* Main.storyboard */ = {
			isa = PBXVariantGroup;
			children = (
				91B6AA791DB73A9C00B23138 /* Base */,
			);
			name = Main.storyboard;
			sourceTree = "<group>";
		};
		91B6AA7D1DB73A9C00B23138 /* LaunchScreen.storyboard */ = {
			isa = PBXVariantGroup;
			children = (
				91B6AA7E1DB73A9C00B23138 /* Base */,
			);
			name = LaunchScreen.storyboard;
			sourceTree = "<group>";
		};
/* End PBXVariantGroup section */

/* Begin XCBuildConfiguration section */
		91B6AA811DB73A9C00B23138 /* Debug */ = {
			isa = XCBuildConfiguration;
			buildSettings = {
				ALWAYS_SEARCH_USER_PATHS = NO;
				CLANG_ANALYZER_NONNULL = YES;
				CLANG_CXX_LANGUAGE_STANDARD = "gnu++0x";
				CLANG_CXX_LIBRARY = "libc++";
				CLANG_ENABLE_MODULES = YES;
				CLANG_ENABLE_OBJC_ARC = YES;
				CLANG_WARN_BOOL_CONVERSION = YES;
				CLANG_WARN_CONSTANT_CONVERSION = YES;
				CLANG_WARN_DIRECT_OBJC_ISA_USAGE = YES_ERROR;
				CLANG_WARN_DOCUMENTATION_COMMENTS = YES;
				CLANG_WARN_EMPTY_BODY = YES;
				CLANG_WARN_ENUM_CONVERSION = YES;
				CLANG_WARN_INFINITE_RECURSION = YES;
				CLANG_WARN_INT_CONVERSION = YES;
				CLANG_WARN_OBJC_ROOT_CLASS = YES_ERROR;
				CLANG_WARN_SUSPICIOUS_MOVES = YES;
				CLANG_WARN_UNREACHABLE_CODE = YES;
				CLANG_WARN__DUPLICATE_METHOD_MATCH = YES;
				"CODE_SIGN_IDENTITY[sdk=iphoneos*]" = "iPhone Developer";
				COPY_PHASE_STRIP = NO;
				DEBUG_INFORMATION_FORMAT = dwarf;
				ENABLE_STRICT_OBJC_MSGSEND = YES;
				ENABLE_TESTABILITY = YES;
				GCC_C_LANGUAGE_STANDARD = gnu99;
				GCC_DYNAMIC_NO_PIC = NO;
				GCC_NO_COMMON_BLOCKS = YES;
				GCC_OPTIMIZATION_LEVEL = 0;
				GCC_PREPROCESSOR_DEFINITIONS = (
					"DEBUG=1",
					"$(inherited)",
				);
				GCC_WARN_64_TO_32_BIT_CONVERSION = YES;
				GCC_WARN_ABOUT_RETURN_TYPE = YES_ERROR;
				GCC_WARN_UNDECLARED_SELECTOR = YES;
				GCC_WARN_UNINITIALIZED_AUTOS = YES_AGGRESSIVE;
				GCC_WARN_UNUSED_FUNCTION = YES;
				GCC_WARN_UNUSED_VARIABLE = YES;
				IPHONEOS_DEPLOYMENT_TARGET = 10.0;
				MTL_ENABLE_DEBUG_INFO = YES;
				ONLY_ACTIVE_ARCH = YES;
				SDKROOT = iphoneos;
				SWIFT_ACTIVE_COMPILATION_CONDITIONS = DEBUG;
				SWIFT_OPTIMIZATION_LEVEL = "-Onone";
			};
			name = Debug;
		};
		91B6AA821DB73A9C00B23138 /* Release */ = {
			isa = XCBuildConfiguration;
			buildSettings = {
				ALWAYS_SEARCH_USER_PATHS = NO;
				CLANG_ANALYZER_NONNULL = YES;
				CLANG_CXX_LANGUAGE_STANDARD = "gnu++0x";
				CLANG_CXX_LIBRARY = "libc++";
				CLANG_ENABLE_MODULES = YES;
				CLANG_ENABLE_OBJC_ARC = YES;
				CLANG_WARN_BOOL_CONVERSION = YES;
				CLANG_WARN_CONSTANT_CONVERSION = YES;
				CLANG_WARN_DIRECT_OBJC_ISA_USAGE = YES_ERROR;
				CLANG_WARN_DOCUMENTATION_COMMENTS = YES;
				CLANG_WARN_EMPTY_BODY = YES;
				CLANG_WARN_ENUM_CONVERSION = YES;
				CLANG_WARN_INFINITE_RECURSION = YES;
				CLANG_WARN_INT_CONVERSION = YES;
				CLANG_WARN_OBJC_ROOT_CLASS = YES_ERROR;
				CLANG_WARN_SUSPICIOUS_MOVES = YES;
				CLANG_WARN_UNREACHABLE_CODE = YES;
				CLANG_WARN__DUPLICATE_METHOD_MATCH = YES;
				"CODE_SIGN_IDENTITY[sdk=iphoneos*]" = "iPhone Developer";
				COPY_PHASE_STRIP = NO;
				DEBUG_INFORMATION_FORMAT = "dwarf-with-dsym";
				ENABLE_NS_ASSERTIONS = NO;
				ENABLE_STRICT_OBJC_MSGSEND = YES;
				GCC_C_LANGUAGE_STANDARD = gnu99;
				GCC_NO_COMMON_BLOCKS = YES;
				GCC_WARN_64_TO_32_BIT_CONVERSION = YES;
				GCC_WARN_ABOUT_RETURN_TYPE = YES_ERROR;
				GCC_WARN_UNDECLARED_SELECTOR = YES;
				GCC_WARN_UNINITIALIZED_AUTOS = YES_AGGRESSIVE;
				GCC_WARN_UNUSED_FUNCTION = YES;
				GCC_WARN_UNUSED_VARIABLE = YES;
				IPHONEOS_DEPLOYMENT_TARGET = 10.0;
				MTL_ENABLE_DEBUG_INFO = NO;
				SDKROOT = iphoneos;
				SWIFT_OPTIMIZATION_LEVEL = "-Owholemodule";
				VALIDATE_PRODUCT = YES;
			};
			name = Release;
		};
		91B6AA841DB73A9C00B23138 /* Debug */ = {
			isa = XCBuildConfiguration;
			buildSettings = {
				ASSETCATALOG_COMPILER_APPICON_NAME = AppIcon;
				DEVELOPMENT_TEAM = HU42WP667T;
				INFOPLIST_FILE = YelpClient/Info.plist;
				LD_RUNPATH_SEARCH_PATHS = "$(inherited) @executable_path/Frameworks";
				PRODUCT_BUNDLE_IDENTIFIER = drbyronw.YelpClient;
				PRODUCT_NAME = "$(TARGET_NAME)";
				SWIFT_VERSION = 3.0;
			};
			name = Debug;
		};
		91B6AA851DB73A9C00B23138 /* Release */ = {
			isa = XCBuildConfiguration;
			buildSettings = {
				ASSETCATALOG_COMPILER_APPICON_NAME = AppIcon;
				DEVELOPMENT_TEAM = HU42WP667T;
				INFOPLIST_FILE = YelpClient/Info.plist;
				LD_RUNPATH_SEARCH_PATHS = "$(inherited) @executable_path/Frameworks";
				PRODUCT_BUNDLE_IDENTIFIER = drbyronw.YelpClient;
				PRODUCT_NAME = "$(TARGET_NAME)";
				SWIFT_VERSION = 3.0;
			};
			name = Release;
		};
/* End XCBuildConfiguration section */

/* Begin XCConfigurationList section */
		91B6AA6C1DB73A9C00B23138 /* Build configuration list for PBXProject "YelpClient" */ = {
			isa = XCConfigurationList;
			buildConfigurations = (
				91B6AA811DB73A9C00B23138 /* Debug */,
				91B6AA821DB73A9C00B23138 /* Release */,
			);
			defaultConfigurationIsVisible = 0;
			defaultConfigurationName = Release;
		};
		91B6AA831DB73A9C00B23138 /* Build configuration list for PBXNativeTarget "YelpClient" */ = {
			isa = XCConfigurationList;
			buildConfigurations = (
				91B6AA841DB73A9C00B23138 /* Debug */,
				91B6AA851DB73A9C00B23138 /* Release */,
			);
			defaultConfigurationIsVisible = 0;
		};
/* End XCConfigurationList section */
	};
	rootObject = 91B6AA691DB73A9C00B23138 /* Project object */;
}
